
Microsoft Visual Studio Solution File, Format Version 12.00
# Visual Studio Version 16
VisualStudioVersion = 16.0.29728.190
MinimumVisualStudioVersion = 10.0.40219.1
Project("{FAE04EC0-301F-11D3-BF4B-00C04F79EFBC}") = "CitiesBr", "CitiesBr\CitiesBr.csproj", "{EA43064C-E7F5-43D5-A6C5-160E8129B92F}"
EndProject
Global
	GlobalSection(SolutionConfigurationPlatforms) = preSolution
		Debug|Any CPU = Debug|Any CPU
		Release|Any CPU = Release|Any CPU
	EndGlobalSection
	GlobalSection(ProjectConfigurationPlatforms) = postSolution
		{EA43064C-E7F5-43D5-A6C5-160E8129B92F}.Debug|Any CPU.ActiveCfg = Debug|Any CPU
		{EA43064C-E7F5-43D5-A6C5-160E8129B92F}.Debug|Any CPU.Build.0 = Debug|Any CPU
		{EA43064C-E7F5-43D5-A6C5-160E8129B92F}.Release|Any CPU.ActiveCfg = Release|Any CPU
		{EA43064C-E7F5-43D5-A6C5-160E8129B92F}.Release|Any CPU.Build.0 = Release|Any CPU
	EndGlobalSection
	GlobalSection(SolutionProperties) = preSolution
		HideSolutionNode = FALSE
	EndGlobalSection
	GlobalSection(ExtensibilityGlobals) = postSolution
		SolutionGuid = {09A7BA58-C025-4CAD-80CE-18AC4C7B3865}
	EndGlobalSection
EndGlobal
